
Microsoft Visual Studio Solution File, Format Version 12.00
# Visual Studio Version 17
VisualStudioVersion = 17.3.32922.545
MinimumVisualStudioVersion = 10.0.40219.1
Project("{FAE04EC0-301F-11D3-BF4B-00C04F79EFBC}") = "UAS_070", "UAS_070\UAS_070.csproj", "{B1CE46A4-A1AC-47C6-8C8B-42BA34CC6E86}"
EndProject
Global
	GlobalSection(SolutionConfigurationPlatforms) = preSolution
		Debug|Any CPU = Debug|Any CPU
		Release|Any CPU = Release|Any CPU
	EndGlobalSection
	GlobalSection(ProjectConfigurationPlatforms) = postSolution
		{B1CE46A4-A1AC-47C6-8C8B-42BA34CC6E86}.Debug|Any CPU.ActiveCfg = Debug|Any CPU
		{B1CE46A4-A1AC-47C6-8C8B-42BA34CC6E86}.Debug|Any CPU.Build.0 = Debug|Any CPU
		{B1CE46A4-A1AC-47C6-8C8B-42BA34CC6E86}.Release|Any CPU.ActiveCfg = Release|Any CPU
		{B1CE46A4-A1AC-47C6-8C8B-42BA34CC6E86}.Release|Any CPU.Build.0 = Release|Any CPU
	EndGlobalSection
	GlobalSection(SolutionProperties) = preSolution
		HideSolutionNode = FALSE
	EndGlobalSection
	GlobalSection(ExtensibilityGlobals) = postSolution
		SolutionGuid = {1D981284-9916-4A8F-B2EC-F5FB73657327}
	EndGlobalSection
EndGlobal
